
Microsoft Visual Studio Solution File, Format Version 12.00
# Visual Studio 15
VisualStudioVersion = 15.0.28010.2016
MinimumVisualStudioVersion = 10.0.40219.1
Project("{FAE04EC0-301F-11D3-BF4B-00C04F79EFBC}") = "AsyncTplWorkshop", "AsyncTplWorkshop\AsyncTplWorkshop.csproj", "{17682EB8-EDC4-43D7-A5AE-7E9F5EA10F6B}"
EndProject
Global
	GlobalSection(SolutionConfigurationPlatforms) = preSolution
		Debug|Any CPU = Debug|Any CPU
		Release|Any CPU = Release|Any CPU
	EndGlobalSection
	GlobalSection(ProjectConfigurationPlatforms) = postSolution
		{17682EB8-EDC4-43D7-A5AE-7E9F5EA10F6B}.Debug|Any CPU.ActiveCfg = Debug|Any CPU
		{17682EB8-EDC4-43D7-A5AE-7E9F5EA10F6B}.Debug|Any CPU.Build.0 = Debug|Any CPU
		{17682EB8-EDC4-43D7-A5AE-7E9F5EA10F6B}.Release|Any CPU.ActiveCfg = Release|Any CPU
		{17682EB8-EDC4-43D7-A5AE-7E9F5EA10F6B}.Release|Any CPU.Build.0 = Release|Any CPU
	EndGlobalSection
	GlobalSection(SolutionProperties) = preSolution
		HideSolutionNode = FALSE
	EndGlobalSection
	GlobalSection(ExtensibilityGlobals) = postSolution
		SolutionGuid = {BDE6628F-6999-4E2C-ADBB-768DB642D61B}
	EndGlobalSection
EndGlobal
